Microsoft Visual Studio Solution File, Format Version 11.00
# Visual Studio 2008

Project("{1AD769D3-1485-AC75-C4D0-129F9D7EB8E2}") = "Unity-Test", "Assembly-CSharp-firstpass.csproj", "{A78E91C7-3BC9-413C-EDDD-EA41F0356979}"
EndProject
Project("{1AD769D3-1485-AC75-C4D0-129F9D7EB8E2}") = "Unity-Test", "Assembly-CSharp.csproj", "{3A8AE71D-0703-6417-CF77-A02100EDFC47}"
EndProject
Project("{1AD769D3-1485-AC75-C4D0-129F9D7EB8E2}") = "Unity-Test", "Assembly-CSharp-Editor.csproj", "{1321E673-9F6C-B727-2EC2-6EBCB9564B05}"
EndProject
Global
	GlobalSection(SolutionConfigurationPlatforms) = preSolution
		Debug|Any CPU = Debug|Any CPU
		Release|Any CPU = Release|Any CPU
	EndGlobalSection
	GlobalSection(ProjectConfigurationPlatforms) = postSolution
		{A78E91C7-3BC9-413C-EDDD-EA41F0356979}.Debug|Any CPU.ActiveCfg = Debug|Any CPU
		{A78E91C7-3BC9-413C-EDDD-EA41F0356979}.Debug|Any CPU.Build.0 = Debug|Any CPU
		{A78E91C7-3BC9-413C-EDDD-EA41F0356979}.Release|Any CPU.ActiveCfg = Release|Any CPU
		{A78E91C7-3BC9-413C-EDDD-EA41F0356979}.Release|Any CPU.Build.0 = Release|Any CPU
		{3A8AE71D-0703-6417-CF77-A02100EDFC47}.Debug|Any CPU.ActiveCfg = Debug|Any CPU
		{3A8AE71D-0703-6417-CF77-A02100EDFC47}.Debug|Any CPU.Build.0 = Debug|Any CPU
		{3A8AE71D-0703-6417-CF77-A02100EDFC47}.Release|Any CPU.ActiveCfg = Release|Any CPU
		{3A8AE71D-0703-6417-CF77-A02100EDFC47}.Release|Any CPU.Build.0 = Release|Any CPU
		{1321E673-9F6C-B727-2EC2-6EBCB9564B05}.Debug|Any CPU.ActiveCfg = Debug|Any CPU
		{1321E673-9F6C-B727-2EC2-6EBCB9564B05}.Debug|Any CPU.Build.0 = Debug|Any CPU
		{1321E673-9F6C-B727-2EC2-6EBCB9564B05}.Release|Any CPU.ActiveCfg = Release|Any CPU
		{1321E673-9F6C-B727-2EC2-6EBCB9564B05}.Release|Any CPU.Build.0 = Release|Any CPU
	EndGlobalSection
	GlobalSection(SolutionProperties) = preSolution
		HideSolutionNode = FALSE
	EndGlobalSection
	GlobalSection(MonoDevelopProperties) = preSolution
		StartupItem = Assembly-CSharp.csproj
	EndGlobalSection
EndGlobal
